{
    "_meta": {
        "hash": {
            "sha256": "64a791d44b9dc2149f684326b34dcb5603b50d1abf9d78a759c930ba4f609757"
        },
        "pipfile-spec": 6,
        "requires": {
            "python_version": "*"
        },
        "sources": [
            {
                "name": "pypi",
                "url": "https://pypi.org/simple",
                "verify_ssl": true
            }
        ]
    },
    "default": {
        "click": {
            "hashes": [
                "sha256:d2b5255c7c6349bc1bd1e59e08cd12acbbd63ce649f2588755783aa94dfb6b1a",
                "sha256:dacca89f4bfadd5de3d7489b7c8a566eee0d3676333fbb50030263894c38c0dc"
            ],
            "index": "pypi",
            "version": "==7.1.2"
        },
        "flask": {
            "hashes": [
                "sha256:4efa1ae2d7c9865af48986de8aeb8504bf32c7f3d6fdc9353d34b21f4b127060",
                "sha256:8a4fdd8936eba2512e9c85df320a37e694c93945b33ef33c89946a340a238557"
            ],
            "index": "pypi",
            "version": "==1.1.2"
        },
        "flask-cors": {
            "hashes": [
                "sha256:74efc975af1194fc7891ff5cd85b0f7478be4f7f59fe158102e91abb72bb4438",
                "sha256:b60839393f3b84a0f3746f6cdca56c1ad7426aa738b70d6c61375857823181de"
            ],
            "index": "pypi",
            "version": "==3.0.10"
        },
        "flask-marshmallow": {
            "hashes": [
                "sha256:2adcd782b5a4a6c5ae3c96701f320d8ca6997995a52b2661093c56cc3ed24754",
                "sha256:bd01a6372cbe50e36f205cfff0fc5dab0b7b662c4c8b2c4fc06a3151b2950950"
            ],
            "index": "pypi",
            "version": "==0.14.0"
        },
        "flask-sqlalchemy": {
            "hashes": [
                "sha256:2bda44b43e7cacb15d4e05ff3cc1f8bc97936cc464623424102bfc2c35e95912",
                "sha256:f12c3d4cc5cc7fdcc148b9527ea05671718c3ea45d50c7e732cceb33f574b390"
            ],
            "index": "pypi",
            "version": "==2.5.1"
        },
        "gunicorn": {
            "hashes": [
                "sha256:1904bb2b8a43658807108d59c3f3d56c2b6121a701161de0ddf9ad140073c626",
                "sha256:cd4a810dd51bf497552cf3f863b575dabd73d6ad6a91075b65936b151cbf4f9c"
            ],
            "index": "pypi",
            "version": "==20.0.4"
        },
        "itsdangerous": {
            "hashes": [
                "sha256:321b033d07f2a4136d3ec762eac9f16a10ccd60f53c0c91af90217ace7ba1f19",
                "sha256:b12271b2047cb23eeb98c8b5622e2e5c5e9abd9784a153e9d8ef9cb4dd09d749"
            ],
            "index": "pypi",
            "version": "==1.1.0"
        },
        "jinja2": {
            "hashes": [
                "sha256:03e47ad063331dd6a3f04a43eddca8a966a26ba0c5b7207a9a9e4e08f1b29419",
                "sha256:a6d58433de0ae800347cab1fa3043cebbabe8baa9d29e668f1c768cb87a333c6"
            ],
            "index": "pypi",
            "version": "==2.11.3"
        },
        "markupsafe": {
            "hashes": [
                "sha256:00bc623926325b26bb9605ae9eae8a215691f33cae5df11ca5424f06f2d1f473",
                "sha256:09027a7803a62ca78792ad89403b1b7a73a01c8cb65909cd876f7fcebd79b161",
                "sha256:09c4b7f37d6c648cb13f9230d847adf22f8171b1ccc4d5682398e77f40309235",
                "sha256:1027c282dad077d0bae18be6794e6b6b8c91d58ed8a8d89a89d59693b9131db5",
                "sha256:13d3144e1e340870b25e7b10b98d779608c02016d5184cfb9927a9f10c689f42",
                "sha256:195d7d2c4fbb0ee8139a6cf67194f3973a6b3042d742ebe0a9ed36d8b6f0c07f",
                "sha256:22c178a091fc6630d0d045bdb5992d2dfe14e3259760e713c490da5323866c39",
                "sha256:24982cc2533820871eba85ba648cd53d8623687ff11cbb805be4ff7b4c971aff",
                "sha256:29872e92839765e546828bb7754a68c418d927cd064fd4708fab9fe9c8bb116b",
                "sha256:2beec1e0de6924ea551859edb9e7679da6e4870d32cb766240ce17e0a0ba2014",
                "sha256:3b8a6499709d29c2e2399569d96719a1b21dcd94410a586a18526b143ec8470f",
                "sha256:43a55c2930bbc139570ac2452adf3d70cdbb3cfe5912c71cdce1c2c6bbd9c5d1",
                "sha256:46c99d2de99945ec5cb54f23c8cd5689f6d7177305ebff350a58ce5f8de1669e",
                "sha256:500d4957e52ddc3351cabf489e79c91c17f6e0899158447047588650b5e69183",
                "sha256:535f6fc4d397c1563d08b88e485c3496cf5784e927af890fb3c3aac7f933ec66",
                "sha256:596510de112c685489095da617b5bcbbac7dd6384aeebeda4df6025d0256a81b",
                "sha256:62fe6c95e3ec8a7fad637b7f3d372c15ec1caa01ab47926cfdf7a75b40e0eac1",
                "sha256:6788b695d50a51edb699cb55e35487e430fa21f1ed838122d722e0ff0ac5ba15",
                "sha256:6dd73240d2af64df90aa7c4e7481e23825ea70af4b4922f8ede5b9e35f78a3b1",
                "sha256:6f1e273a344928347c1290119b493a1f0303c52f5a5eae5f16d74f48c15d4a85",
                "sha256:6fffc775d90dcc9aed1b89219549b329a9250d918fd0b8fa8d93d154918422e1",
                "sha256:717ba8fe3ae9cc0006d7c451f0bb265ee07739daf76355d06366154ee68d221e",
                "sha256:79855e1c5b8da654cf486b830bd42c06e8780cea587384cf6545b7d9ac013a0b",
                "sha256:7c1699dfe0cf8ff607dbdcc1e9b9af1755371f92a68f706051cc8c37d447c905",
                "sha256:7fed13866cf14bba33e7176717346713881f56d9d2bcebab207f7a036f41b850",
                "sha256:84dee80c15f1b560d55bcfe6d47b27d070b4681c699c572af2e3c7cc90a3b8e0",
                "sha256:88e5fcfb52ee7b911e8bb6d6aa2fd21fbecc674eadd44118a9cc3863f938e735",
                "sha256:8defac2f2ccd6805ebf65f5eeb132adcf2ab57aa11fdf4c0dd5169a004710e7d",
                "sha256:98bae9582248d6cf62321dcb52aaf5d9adf0bad3b40582925ef7c7f0ed85fceb",
                "sha256:98c7086708b163d425c67c7a91bad6e466bb99d797aa64f965e9d25c12111a5e",
                "sha256:9add70b36c5666a2ed02b43b335fe19002ee5235efd4b8a89bfcf9005bebac0d",
                "sha256:9bf40443012702a1d2070043cb6291650a0841ece432556f784f004937f0f32c",
                "sha256:a6a744282b7718a2a62d2ed9d993cad6f5f585605ad352c11de459f4108df0a1",
                "sha256:acf08ac40292838b3cbbb06cfe9b2cb9ec78fce8baca31ddb87aaac2e2dc3bc2",
                "sha256:ade5e387d2ad0d7ebf59146cc00c8044acbd863725f887353a10df825fc8ae21",
                "sha256:b00c1de48212e4cc9603895652c5c410df699856a2853135b3967591e4beebc2",
                "sha256:b1282f8c00509d99fef04d8ba936b156d419be841854fe901d8ae224c59f0be5",
                "sha256:b1dba4527182c95a0db8b6060cc98ac49b9e2f5e64320e2b56e47cb2831978c7",
                "sha256:b2051432115498d3562c084a49bba65d97cf251f5a331c64a12ee7e04dacc51b",
                "sha256:b7d644ddb4dbd407d31ffb699f1d140bc35478da613b441c582aeb7c43838dd8",
                "sha256:ba59edeaa2fc6114428f1637ffff42da1e311e29382d81b339c1817d37ec93c6",
                "sha256:bf5aa3cbcfdf57fa2ee9cd1822c862ef23037f5c832ad09cfea57fa846dec193",
                "sha256:c8716a48d94b06bb3b2524c2b77e055fb313aeb4ea620c8dd03a105574ba704f",
                "sha256:caabedc8323f1e93231b52fc32bdcde6db817623d33e100708d9a68e1f53b26b",
                "sha256:cd5df75523866410809ca100dc9681e301e3c27567cf498077e8551b6d20e42f",
                "sha256:cdb132fc825c38e1aeec2c8aa9338310d29d337bebbd7baa06889d09a60a1fa2",
                "sha256:d53bc011414228441014aa71dbec320c66468c1030aae3a6e29778a3382d96e5",
                "sha256:d73a845f227b0bfe8a7455ee623525ee656a9e2e749e4742706d80a6065d5e2c",
                "sha256:d9be0ba6c527163cbed5e0857c451fcd092ce83947944d6c14bc95441203f032",
                "sha256:e249096428b3ae81b08327a63a485ad0878de3fb939049038579ac0ef61e17e7",
                "sha256:e8313f01ba26fbbe36c7be1966a7b7424942f670f38e666995b88d012765b9be",
                "sha256:feb7b34d6325451ef96bc0e36e1a6c0c1c64bc1fbec4b854f4529e51887b1621"
            ],
            "index": "pypi",
            "version": "==1.1.1"
        },
        "marshmallow": {
            "hashes": [
                "sha256:90032c0fd650ce94b6ec6dc8dfeb0e3ff50c144586462c389b81a07205bedb78",
                "sha256:93f0958568da045b0021ec6aeb7ac37c81bfcccbb9a0e7ed8559885070b3a19b"
            ],
            "markers": "python_version >= '3.7'",
            "version": "==3.19.0"
        },
        "marshmallow-sqlalchemy": {
            "hashes": [
                "sha256:aa376747296780a56355e3067b9c8bf43a2a1c44ff985de82b3a5d9e161ca2b8",
                "sha256:dbb061c19375eca3a7d18358d2ca8bbaee825fc3000a3f114e2698282362b536"
            ],
            "index": "pypi",
            "version": "==0.28.1"
        },
        "packaging": {
            "hashes": [
                "sha256:dd47c42927d89ab911e606518907cc2d3a1f38bbd026385970643f9c5b8ecfeb",
                "sha256:ef103e05f519cdc783ae24ea4e2e0f508a9c99b2d4969652eed6a2e1ea5bd522"
            ],
            "markers": "python_version >= '3.6'",
            "version": "==21.3"
        },
        "pyparsing": {
            "hashes": [
                "sha256:2b020ecf7d21b687f219b71ecad3631f644a47f01403fa1d1036b0c6416d70fb",
                "sha256:5026bae9a10eeaefb61dab2f09052b9f4307d44aee4eda64b309723d8d206bbc"
            ],
            "markers": "python_full_version >= '3.6.8'",
            "version": "==3.0.9"
        },
        "setuptools": {
            "hashes": [
                "sha256:d0b9a8433464d5800cbe05094acf5c6d52a91bfac9b52bcfc4d41382be5d5d31",
                "sha256:e197a19aa8ec9722928f2206f8de752def0e4c9fc6953527360d1c36d94ddb2f"
            ],
            "markers": "python_version >= '3.7'",
            "version": "==65.5.1"
        },
        "six": {
            "hashes": [
                "sha256:1e61c37477a1626458e36f7b1d82aa5c9b094fa4802892072e49de9c60c4c926",
                "sha256:8abb2f1d86890a2dfb989f9a77cfcfd3e47c2a354b01111771326f8aa26e0254"
            ],
            "markers": "python_version >= '2.7' and python_version not in '3.0, 3.1, 3.2, 3.3'",
            "version": "==1.16.0"
        },
        "sqlalchemy": {
            "hashes": [
                "sha256:0be9b479c5806cece01f1581726573a8d6515f8404e082c375b922c45cfc2a7b",
                "sha256:17aee7bfcef7bf0dea92f10e5dfdd67418dcf6fe0759f520e168b605855c003e",
                "sha256:21f3df74a0ab39e1255e94613556e33c1dc3b454059fe0b365ec3bbb9ed82e4a",
                "sha256:237067ba0ef45a518b64606e1807f7229969ad568288b110ed5f0ca714a3ed3a",
                "sha256:2dda5f96719ae89b3ec0f1b79698d86eb9aecb1d54e990abb3fdd92c04b46a90",
                "sha256:393f51a09778e8984d735b59a810731394308b4038acdb1635397c2865dae2b6",
                "sha256:3ca21b35b714ce36f4b8d1ee8d15f149db8eb43a472cf71600bf18dae32286e7",
                "sha256:3cbdbed8cdcae0f83640a9c44fa02b45a6c61e149c58d45a63c9581aba62850f",
                "sha256:3eba07f740488c3a125f17c092a81eeae24a6c7ec32ac9dbc52bf7afaf0c4f16",
                "sha256:3f68eab46649504eb95be36ca529aea16cd199f080726c28cbdbcbf23d20b2a2",
                "sha256:4c56e6899fa6e767e4be5d106941804a4201c5cb9620a409c0b80448ec70b656",
                "sha256:53f90a2374f60e703c94118d21533765412da8225ba98659de7dd7998641ab17",
                "sha256:595b185041a4dc5c685283ea98c2f67bbfa47bb28e4a4f5b27ebf40684e7a9f8",
                "sha256:65a0ad931944fcb0be12a8e0ac322dbd3ecf17c53f088bc10b6da8f0caac287b",
                "sha256:68e0cd5d32a32c4395168d42f2fefbb03b817ead3a8f3704b8bd5697c0b26c24",
                "sha256:6a06c2506c41926d2769f7968759995f2505e31c5b5a0821e43ca5a3ddb0e8ae",
                "sha256:6d7e1b28342b45f19e3dea7873a9479e4a57e15095a575afca902e517fb89652",
                "sha256:6f0ea4d7348feb5e5d0bf317aace92e28398fa9a6e38b7be9ec1f31aad4a8039",
                "sha256:7313e4acebb9ae88dbde14a8a177467a7625b7449306c03a3f9f309b30e163d0",
                "sha256:7cf7c7adbf4417e3f46fc5a2dbf8395a5a69698217337086888f79700a12e93a",
                "sha256:80ead36fb1d676cc019586ffdc21c7e906ce4bf243fe4021e4973dae332b6038",
                "sha256:9470633395e5f24d6741b4c8a6e905bce405a28cf417bba4ccbaadf3dab0111d",
                "sha256:94c0093678001f5d79f2dcbf3104c54d6c89e41ab50d619494c503a4d3f1aef2",
                "sha256:95f4f8d62589755b507218f2e3189475a4c1f5cc9db2aec772071a7dc6cd5726",
                "sha256:9c857676d810ca196be73c98eb839125d6fa849bfa3589be06201a6517f9961c",
                "sha256:a22208c1982f1fe2ae82e5e4c3d4a6f2445a7a0d65fb7983a3d7cbbe3983f5a4",
                "sha256:ad5f966623905ee33694680dda1b735544c99c7638f216045d21546d3d8c6f5b",
                "sha256:ae1ed1ebc407d2f66c6f0ec44ef7d56e3f455859df5494680e2cf89dad8e3ae0",
                "sha256:afd1ac99179d1864a68c06b31263a08ea25a49df94e272712eb2824ef151e294",
                "sha256:b6a337a2643a41476fb6262059b8740f4b9a2ec29bf00ffb18c18c080f6e0aed",
                "sha256:b737fbeb2f78926d1f59964feb287bbbd050e7904766f87c8ce5cfb86e6d840c",
                "sha256:c46322354c58d4dc039a2c982d28284330f8919f31206894281f4b595b9d8dbe",
                "sha256:c7e3b9e01fdbe1ce3a165cc7e1ff52b24813ee79c6df6dee0d1e13888a97817e",
                "sha256:c9aa372b295a36771cffc226b6517df3011a7d146ac22d19fa6a75f1cdf9d7e6",
                "sha256:d3b6d4588994da73567bb00af9d7224a16c8027865a8aab53ae9be83f9b7cbd1",
                "sha256:d3b9ac11f36ab9a726097fba7c7f6384f0129aedb017f1d4d1d4fce9052a1320",
                "sha256:d654870a66027af3a26df1372cf7f002e161c6768ebe4c9c6fdc0da331cb5173",
                "sha256:d8080bc51a775627865e0f1dbfc0040ff4ace685f187f6036837e1727ba2ed10",
                "sha256:da60b98b0f6f0df9fbf8b72d67d13b73aa8091923a48af79a951d4088530a239",
                "sha256:f5e8ed9cde48b76318ab989deeddc48f833d2a6a7b7c393c49b704f67dedf01d",
                "sha256:f8e5443295b218b08bef8eb85d31b214d184b3690d99a33b7bd8e5591e2b0aa1"
            ],
            "markers": "python_version >= '2.7' and python_version not in '3.0, 3.1, 3.2, 3.3, 3.4, 3.5'",
            "version": "==1.4.44"
        },
        "werkzeug": {
            "hashes": [
                "sha256:2de2a5db0baeae7b2d2664949077c2ac63fbd16d98da0ff71837f7d1dea3fd43",
                "sha256:6c80b1e5ad3665290ea39320b91e1be1e0d5f60652b964a3070216de83d2e47c"
            ],
            "index": "pypi",
            "version": "==1.0.1"
        }
    },
    "develop": {}
}
